
Microsoft Visual Studio Solution File, Format Version 12.00
# Visual Studio Version 17
VisualStudioVersion = 17.3.32804.467
MinimumVisualStudioVersion = 10.0.40219.1
Project("{FAE04EC0-301F-11D3-BF4B-00C04F79EFBC}") = "DotNet6API", "DotNet6API\DotNet6API.csproj", "{1C17DCF4-0521-4DA4-9BA1-7E49FD7BB8A3}"
EndProject
Global
	GlobalSection(SolutionConfigurationPlatforms) = preSolution
		Debug|Any CPU = Debug|Any CPU
		Release|Any CPU = Release|Any CPU
	EndGlobalSection
	GlobalSection(ProjectConfigurationPlatforms) = postSolution
		{1C17DCF4-0521-4DA4-9BA1-7E49FD7BB8A3}.Debug|Any CPU.ActiveCfg = Debug|Any CPU
		{1C17DCF4-0521-4DA4-9BA1-7E49FD7BB8A3}.Debug|Any CPU.Build.0 = Debug|Any CPU
		{1C17DCF4-0521-4DA4-9BA1-7E49FD7BB8A3}.Release|Any CPU.ActiveCfg = Release|Any CPU
		{1C17DCF4-0521-4DA4-9BA1-7E49FD7BB8A3}.Release|Any CPU.Build.0 = Release|Any CPU
	EndGlobalSection
	GlobalSection(SolutionProperties) = preSolution
		HideSolutionNode = FALSE
	EndGlobalSection
	GlobalSection(ExtensibilityGlobals) = postSolution
		SolutionGuid = {AAAB40CA-7EF8-4363-8813-A55D79BA10E9}
	EndGlobalSection
EndGlobal
